
Microsoft Visual Studio Solution File, Format Version 12.00
# Visual Studio 15
VisualStudioVersion = 15.0.27130.2026
MinimumVisualStudioVersion = 10.0.40219.1
Project("{FAE04EC0-301F-11D3-BF4B-00C04F79EFBC}") = "lab5", "lab5\lab5.csproj", "{96D873CD-4074-4304-B1E7-C4B4F854D9BB}"
EndProject
Global
	GlobalSection(SolutionConfigurationPlatforms) = preSolution
		Debug|Any CPU = Debug|Any CPU
		Release|Any CPU = Release|Any CPU
	EndGlobalSection
	GlobalSection(ProjectConfigurationPlatforms) = postSolution
		{96D873CD-4074-4304-B1E7-C4B4F854D9BB}.Debug|Any CPU.ActiveCfg = Debug|Any CPU
		{96D873CD-4074-4304-B1E7-C4B4F854D9BB}.Debug|Any CPU.Build.0 = Debug|Any CPU
		{96D873CD-4074-4304-B1E7-C4B4F854D9BB}.Release|Any CPU.ActiveCfg = Release|Any CPU
		{96D873CD-4074-4304-B1E7-C4B4F854D9BB}.Release|Any CPU.Build.0 = Release|Any CPU
	EndGlobalSection
	GlobalSection(SolutionProperties) = preSolution
		HideSolutionNode = FALSE
	EndGlobalSection
	GlobalSection(ExtensibilityGlobals) = postSolution
		SolutionGuid = {4410A9A6-274D-481E-B1F7-B0307F1525A4}
	EndGlobalSection
EndGlobal
