
Microsoft Visual Studio Solution File, Format Version 12.00
# Visual Studio 15
VisualStudioVersion = 15.0.27130.2026
MinimumVisualStudioVersion = 10.0.40219.1
Project("{FAE04EC0-301F-11D3-BF4B-00C04F79EFBC}") = "final exam done", "final exam done\final exam done.csproj", "{FCBE0C57-A5CD-4263-A7DD-11677E0EEABD}"
EndProject
Global
	GlobalSection(SolutionConfigurationPlatforms) = preSolution
		Debug|Any CPU = Debug|Any CPU
		Release|Any CPU = Release|Any CPU
	EndGlobalSection
	GlobalSection(ProjectConfigurationPlatforms) = postSolution
		{FCBE0C57-A5CD-4263-A7DD-11677E0EEABD}.Debug|Any CPU.ActiveCfg = Debug|Any CPU
		{FCBE0C57-A5CD-4263-A7DD-11677E0EEABD}.Debug|Any CPU.Build.0 = Debug|Any CPU
		{FCBE0C57-A5CD-4263-A7DD-11677E0EEABD}.Release|Any CPU.ActiveCfg = Release|Any CPU
		{FCBE0C57-A5CD-4263-A7DD-11677E0EEABD}.Release|Any CPU.Build.0 = Release|Any CPU
	EndGlobalSection
	GlobalSection(SolutionProperties) = preSolution
		HideSolutionNode = FALSE
	EndGlobalSection
	GlobalSection(ExtensibilityGlobals) = postSolution
		SolutionGuid = {9B6A66CA-EF33-442C-8E30-F724BE309F79}
	EndGlobalSection
EndGlobal
